github.com/aws/aws-sdk-go-v2 v1.30.5 h1:mWSRTwQAb0aLE17dSzztCVJWI9+cRMgqebndjwDyK0g=
github.com/aws/aws-sdk-go-v2 v1.30.5/go.mod h1:CT+ZPWXbYrci8chcARI3OmI/qgd+f6WtuLOoaIA8PR0=
github.com/aws/aws-sdk-go-v2/config v1.27.33 h1:Nof9o/MsmH4oa0s2q9a0k7tMz5x/Yj5k06lDODWz3BU=
github.com/aws/aws-sdk-go-v2/config v1.27.33/go.mod h1:kEqdYzRb8dd8Sy2pOdEbExTTF5v7ozEXX0McgPE7xks=
github.com/aws/aws-sdk-go-v2/credentials v1.17.32 h1:7Cxhp/BnT2RcGy4VisJ9miUPecY+lyE9I8JvcZofn9I=
github.com/aws/aws-sdk-go-v2/credentials v1.17.32/go.mod h1:P5/QMF3/DCHbXGEGkdbilXHsyTBX5D3HSwcrSc9p20I=
github.com/aws/aws-sdk-go-v2/feature/ec2/imds v1.16.13 h1:pfQ2sqNpMVK6xz2RbqLEL0GH87JOwSxPV2rzm8Zsb74=
github.com/aws/aws-sdk-go-v2/feature/ec2/imds v1.16.13/go.mod h1:NG7RXPUlqfsCLLFfi0+IpKN4sCB9D9fw/qTaSB+xRoU=
github.com/aws/aws-sdk-go-v2/internal/configsources v1.3.17 h1:pI7Bzt0BJtYA0N/JEC6B8fJ4RBrEMi1LBrkMdFYNSnQ=
github.com/aws/aws-sdk-go-v2/internal/configsources v1.3.17/go.mod h1:Dh5zzJYMtxfIjYW+/evjQ8uj2OyR/ve2KROHGHlSFqE=
github.com/aws/aws-sdk-go-v2/internal/endpoints/v2 v2.6.17 h1:Mqr/V5gvrhA2gvgnF42Zh5iMiQNcOYthFYwCyrnuWlc=
github.com/aws/aws-sdk-go-v2/internal/endpoints/v2 v2.6.17/go.mod h1:aLJpZlCmjE+V+KtN1q1uyZkfnUWpQGpbsn89XPKyzfU=
github.com/aws/aws-sdk-go-v2/internal/ini v1.8.1 h1:VaRN3TlFdd6KxX1x3ILT5ynH6HvKgqdiXoTxAF4HQcQ=
github.com/aws/aws-sdk-go-v2/internal/ini v1.8.1/go.mod h1:FbtygfRFze9usAadmnGJNc8KsP346kEe+y2/oyhGAGc=
github.com/aws/aws-sdk-go-v2/service/cloudtrail v1.42.7 h1:+7EsNQnh7S5I4KAPMK98sSl3e2kJw4BgFI/vVJoVg7U=
github.com/aws/aws-sdk-go-v2/service/cloudtrail v1.42.7/go.mod h1:4PmgiDQI9Q/CyWAIj/RFZXapY1URHE181UDKEk+NOeg=
github.com/aws/aws-sdk-go-v2/service/internal/accept-encoding v1.11.4 h1:KypMCbLPPHEmf9DgMGw51jMj77VfGPAN2Kv4cfhlfgI=
github.com/aws/aws-sdk-go-v2/service/internal/accept-encoding v1.11.4/go.mod h1:Vz1JQXliGcQktFTN/LN6uGppAIRoLBR2bMvIMP0gOjc=
github.com/aws/aws-sdk-go-v2/service/internal/presigned-url v1.11.19 h1:rfprUlsdzgl7ZL2KlXiUAoJnI/VxfHCvDFr2QDFj6u4=
github.com/aws/aws-sdk-go-v2/service/internal/presigned-url v1.11.19/go.mod h1:SCWkEdRq8/7EK60NcvvQ6NXKuTcchAD4ROAsC37VEZE=
github.com/aws/aws-sdk-go-v2/service/sso v1.22.7 h1:pIaGg+08llrP7Q5aiz9ICWbY8cqhTkyy+0SHvfzQpTc=
github.com/aws/aws-sdk-go-v2/service/sso v1.22.7/go.mod h1:eEygMHnTKH/3kNp9Jr1n3PdejuSNcgwLe1dWgQtO0VQ=
github.com/aws/aws-sdk-go-v2/service/ssooidc v1.26.7 h1:/Cfdu0XV3mONYKaOt1Gr0k1KvQzkzPyiKUdlWJqy+J4=
github.com/aws/aws-sdk-go-v2/service/ssooidc v1.26.7/go.mod h1:bCbAxKDqNvkHxRaIMnyVPXPo+OaPRwvmgzMxbz1VKSA=
github.com/aws/aws-sdk-go-v2/service/sts v1.30.7 h1:NKTa1eqZYw8tiHSRGpP0VtTdub/8KNk8sDkNPFaOKDE=
github.com/aws/aws-sdk-go-v2/service/sts v1.30.7/go.mod h1:NXi1dIAGteSaRLqYgarlhP/Ij0cFT+qmCwiJqWh/U5o=
github.com/aws/smithy-go v1.20.4 h1:2HK1zBdPgRbjFOHlfeQZfpC4r72MOb9bZkiFwggKO+4=
github.com/aws/smithy-go v1.20.4/go.mod h1:irrKGvNn1InZwb2d7fkIRNucdfwR8R+Ts3wxYa/cJHg=
github.com/cpuguy83/go-md2man/v2 v2.0.4 h1:wfIWP927BUkWJb2NmU/kNDYIBTh/ziUX91+lVfRxZq4=
github.com/cpuguy83/go-md2man/v2 v2.0.4/go.mod h1:tgQtvFlXSQOSOSIRvRPT7W67SCa46tRHOmNcaadrF8o=
github.com/davecgh/go-spew v1.1.1 h1:vj9j/u1bqnvCEfJOwUhtlOARqs3+rkHYY13jYWTU97c=
github.com/davecgh/go-spew v1.1.1/go.mod h1:J7Y8YcW2NihsgmVo/mv3lAwl/skON4iLHjSsI+c5H38=
github.com/google/uuid v1.6.0 h1:NIvaJDMOsjHA8n1jAhLSgzrAzy1Hgr+hNrb57e+94F0=
github.com/google/uuid v1.6.0/go.mod h1:TIyPZe4MgqvfeYDBFedMoGGpEw/LqOeaOT+nhxU+yHo=
github.com/jedib0t/go-pretty/v6 v6.5.9 h1:ACteMBRrrmm1gMsXe9PSTOClQ63IXDUt03H5U+UV8OU=
github.com/jedib0t/go-pretty/v6 v6.5.9/go.mod h1:zbn98qrYlh95FIhwwsbIip0LYpwSG8SUOScs+v9/t0E=
github.com/mattn/go-runewidth v0.0.16 h1:E5ScNMtiwvlvB5paMFdw9p4kSQzbXFikJ5SQO6TULQc=
github.com/mattn/go-runewidth v0.0.16/go.mod h1:Jdepj2loyihRzMpdS35Xk/zdY8IAYHsh153qUoGf23w=
github.com/pmezard/go-difflib v1.0.0 h1:4DBwDE0NGyQoBHbLQYPwSUPoCMWR5BEzIk/f1lZbAQM=
github.com/pmezard/go-difflib v1.0.0/go.mod h1:iKH77koFhYxTK1pcRnkKkqfTogsbg7gZNVY4sRDYZ/4=
github.com/rivo/uniseg v0.2.0/go.mod h1:J6wj4VEh+S6ZtnVlnTBMWIodfgj8LQOQFoIToxlJtxc=
github.com/rivo/uniseg v0.4.7 h1:WUdvkW8uEhrYfLC4ZzdpI2ztxP1I582+49Oc5Mq64VQ=
github.com/rivo/uniseg v0.4.7/go.mod h1:FN3SvrM+Zdj16jyLfmOkMNblXMcoc8DfTHruCPUcx88=
github.com/russross/blackfriday/v2 v2.1.0 h1:JIOH55/0cWyOuilr9/qlrm0BSXldqnqwMsf35Ld67mk=
github.com/russross/blackfriday/v2 v2.1.0/go.mod h1:+Rmxgy9KzJVeS9/2gXHxylqXiyQDYRxCVz55jmeOWTM=
github.com/stretchr/testify v1.8.4 h1:CcVxjf3Q8PM0mHUKJCdn+eZZtm5yQwehR5yeSVQQcUk=
github.com/stretchr/testify v1.8.4/go.mod h1:sz/lmYIOXD/1dqDmKjjqLyZ2RngseejIcXlSw2iwfAo=
github.com/urfave/cli/v2 v2.27.4 h1:o1owoI+02Eb+K107p27wEX9Bb8eqIoZCfLXloLUSWJ8=
github.com/urfave/cli/v2 v2.27.4/go.mod h1:m4QzxcD2qpra4z7WhzEGn74WZLViBnMpb1ToCAKdGRQ=
github.com/xrash/smetrics v0.0.0-20240521201337-686a1a2994c1 h1:gEOO8jv9F4OT7lGCjxCBTO/36wtF6j2nSip77qHd4x4=
github.com/xrash/smetrics v0.0.0-20240521201337-686a1a2994c1/go.mod h1:Ohn+xnUBiLI6FVj/9LpzZWtj1/D6lUovWYBkxHVV3aM=
golang.org/x/sys v0.25.0 h1:r+8e+loiHxRqhXVl6ML1nO3l1+oFoWbnlu2Ehimmi34=
golang.org/x/sys v0.25.0/go.mod h1:/VUhepiaJMQUp4+oa/7Zr1D23ma6VTLIYjOOTFZPUcA=
gopkg.in/yaml.v3 v3.0.1 h1:fxVm/GzAzEWqLHuvctI91KS9hhNmmWOoWu0XTYJS7CA=
gopkg.in/yaml.v3 v3.0.1/go.mod h1:K4uyk7z7BCEPqu6E+C64Yfv1cQ7kz7rIZviUmN+EgEM=
