github.com/aws/aws-sdk-go-v2 v1.20.2 h1:0Aok9u/HVTk7RtY6M1KDcthbaMKGhhS0eLPxIdSIzRI=
github.com/aws/aws-sdk-go-v2 v1.20.2/go.mod h1:NU06lETsFm8fUC6ZjhgDpVBcGZTFQ6XM+LZWZxMI4ac=
github.com/aws/aws-sdk-go-v2/config v1.18.34 h1:bFf7CtSgwz/vE4tl0cNbWbf6EDQ2TZR5VrsrO9ardoY=
github.com/aws/aws-sdk-go-v2/config v1.18.34/go.mod h1:uJ/keVhwR8vsSaErMu2Vb3dArUZZKLVTcOsKXIFfvjs=
github.com/aws/aws-sdk-go-v2/credentials v1.13.33 h1:esA1X5Eti1xSGCF0W0LYpHH/r6p+MqT0DiKXsfDEPxs=
github.com/aws/aws-sdk-go-v2/credentials v1.13.33/go.mod h1:jNC10ZEYuLlt9IOowix60yNiO6vGA14RVK3oUfX5KgI=
github.com/aws/aws-sdk-go-v2/feature/ec2/imds v1.13.9 h1:DnNHcClgyFV5suHJ4axqhmG3YeRGgIu6yv29IEWR9aE=
github.com/aws/aws-sdk-go-v2/feature/ec2/imds v1.13.9/go.mod h1:kz0hzQXlc/5Y5mkbwTKX8A+aTRA45t8Aavly60bQzAQ=
github.com/aws/aws-sdk-go-v2/internal/configsources v1.1.39 h1:OBokd2jreL7ItwqRRcN5QiSt24/i2r742aRsd2qMyeg=
github.com/aws/aws-sdk-go-v2/internal/configsources v1.1.39/go.mod h1:OLmjwglQh90dCcFJDGD+T44G0ToLH+696kRwRhS1KOU=
github.com/aws/aws-sdk-go-v2/internal/endpoints/v2 v2.4.33 h1:gcRN6PXAo8w3HYFp2wFyr+WYEP4n/a25/IOhzJl36Yw=
github.com/aws/aws-sdk-go-v2/internal/endpoints/v2 v2.4.33/go.mod h1:S/zgOphghZAIvrbtvsVycoOncfqh1Hc4uGDIHqDLwTU=
github.com/aws/aws-sdk-go-v2/internal/ini v1.3.40 h1:glWaI8WyeYqQN4zh4zqogzSpNPj8rf11Nj+oE3ghQPw=
github.com/aws/aws-sdk-go-v2/internal/ini v1.3.40/go.mod h1:OCnFHzgaBY2PuGiHSzLlfqV4j5rJrky7YMfBXcx2Uk0=
github.com/aws/aws-sdk-go-v2/service/cloudtrail v1.28.4 h1:qYOWw0IDF8h2Oi5LD5Nw6yP9rGvyg//vpJXfq/sYuSk=
github.com/aws/aws-sdk-go-v2/service/cloudtrail v1.28.4/go.mod h1:od/tq3GQdw49qxy32ZOZXjJ+UWqCc4qKlGY/vMuvHbE=
github.com/aws/aws-sdk-go-v2/service/internal/presigned-url v1.9.33 h1:cr70Hw6Lq9cqRst1y4YOHLiaVWaWtBPiqdloinNkfis=
github.com/aws/aws-sdk-go-v2/service/internal/presigned-url v1.9.33/go.mod h1:kcNtzCcEoflp+6e2CDTmm2h3xQGZOBZqYA/8DhYx/S8=
github.com/aws/aws-sdk-go-v2/service/sso v1.13.3 h1:nceOkYE0jmaG9CoyXHJJm00FAQ8JE+/LCKJJ06hH/Nc=
github.com/aws/aws-sdk-go-v2/service/sso v1.13.3/go.mod h1:DApEBnZzexe+LDLaNrGOJA8xtRMCpikLW1gX7jZhHxc=
github.com/aws/aws-sdk-go-v2/service/ssooidc v1.15.3 h1:90qW9puxI7LgmiYKSPhx6wz4XqgVauTxCyS3185+JpA=
github.com/aws/aws-sdk-go-v2/service/ssooidc v1.15.3/go.mod h1:kKpyLjToIS7E3z0672lBhxIPD+uoQ9V0MYRYCVGIkO0=
github.com/aws/aws-sdk-go-v2/service/sts v1.21.3 h1:s3wBkMxfA/u2EJJl6KRsPcWv858lDHkhinqXyN6fkZI=
github.com/aws/aws-sdk-go-v2/service/sts v1.21.3/go.mod h1:b+y9zL57mwCRy6ftp9Nc7CONGHX3sZ50ZCLTrI5xpCc=
github.com/aws/smithy-go v1.14.1 h1:EFKMUmH/iHMqLiwoEDx2rRjRQpI1YCn5jTysoaDujFs=
github.com/aws/smithy-go v1.14.1/go.mod h1:Tg+OJXh4MB2R/uN61Ko2f6hTZwB/ZYGOtib8J3gBHzA=
github.com/cpuguy83/go-md2man/v2 v2.0.2 h1:p1EgwI/C7NhT0JmVkwCD2ZBK8j4aeHQX2pMHHBfMQ6w=
github.com/cpuguy83/go-md2man/v2 v2.0.2/go.mod h1:tgQtvFlXSQOSOSIRvRPT7W67SCa46tRHOmNcaadrF8o=
github.com/davecgh/go-spew v1.1.0/go.mod h1:J7Y8YcW2NihsgmVo/mv3lAwl/skON4iLHjSsI+c5H38=
github.com/davecgh/go-spew v1.1.1 h1:vj9j/u1bqnvCEfJOwUhtlOARqs3+rkHYY13jYWTU97c=
github.com/davecgh/go-spew v1.1.1/go.mod h1:J7Y8YcW2NihsgmVo/mv3lAwl/skON4iLHjSsI+c5H38=
github.com/google/go-cmp v0.5.8 h1:e6P7q2lk1O+qJJb4BtCQXlK8vWEO8V1ZeuEdJNOqZyg=
github.com/google/go-cmp v0.5.8/go.mod h1:17dUlkBOakJ0+DkrSSNjCkIjxS6bF9zb3elmeNGIjoY=
github.com/google/uuid v1.3.0 h1:t6JiXgmwXMjEs8VusXIJk2BXHsn+wx8BZdTaoZ5fu7I=
github.com/google/uuid v1.3.0/go.mod h1:TIyPZe4MgqvfeYDBFedMoGGpEw/LqOeaOT+nhxU+yHo=
github.com/jedib0t/go-pretty/v6 v6.4.6 h1:v6aG9h6Uby3IusSSEjHaZNXpHFhzqMmjXcPq1Rjl9Jw=
github.com/jedib0t/go-pretty/v6 v6.4.6/go.mod h1:Ndk3ase2CkQbXLLNf5QDHoYb6J9WtVfmHZu9n8rk2xs=
github.com/jmespath/go-jmespath v0.4.0/go.mod h1:T8mJZnbsbmF+m6zOOFylbeCJqk5+pHWvzYPziyZiYoo=
github.com/jmespath/go-jmespath/internal/testify v1.5.1/go.mod h1:L3OGu8Wl2/fWfCI6z80xFu9LTZmf1ZRjMHUOPmWr69U=
github.com/mattn/go-runewidth v0.0.13/go.mod h1:Jdepj2loyihRzMpdS35Xk/zdY8IAYHsh153qUoGf23w=
github.com/mattn/go-runewidth v0.0.15 h1:UNAjwbU9l54TA3KzvqLGxwWjHmMgBUVhBiTjelZgg3U=
github.com/mattn/go-runewidth v0.0.15/go.mod h1:Jdepj2loyihRzMpdS35Xk/zdY8IAYHsh153qUoGf23w=
github.com/pkg/profile v1.6.0/go.mod h1:qBsxPvzyUincmltOk6iyRVxHYg4adc0OFOv72ZdLa18=
github.com/pmezard/go-difflib v1.0.0 h1:4DBwDE0NGyQoBHbLQYPwSUPoCMWR5BEzIk/f1lZbAQM=
github.com/pmezard/go-difflib v1.0.0/go.mod h1:iKH77koFhYxTK1pcRnkKkqfTogsbg7gZNVY4sRDYZ/4=
github.com/rivo/uniseg v0.2.0/go.mod h1:J6wj4VEh+S6ZtnVlnTBMWIodfgj8LQOQFoIToxlJtxc=
github.com/rivo/uniseg v0.4.4 h1:8TfxU8dW6PdqD27gjM8MVNuicgxIjxpm4K7x4jp8sis=
github.com/rivo/uniseg v0.4.4/go.mod h1:FN3SvrM+Zdj16jyLfmOkMNblXMcoc8DfTHruCPUcx88=
github.com/russross/blackfriday/v2 v2.1.0 h1:JIOH55/0cWyOuilr9/qlrm0BSXldqnqwMsf35Ld67mk=
github.com/russross/blackfriday/v2 v2.1.0/go.mod h1:+Rmxgy9KzJVeS9/2gXHxylqXiyQDYRxCVz55jmeOWTM=
github.com/stretchr/objx v0.1.0/go.mod h1:HFkY916IF+rwdDfMAkV7OtwuqBVzrE8GR6GFx+wExME=
github.com/stretchr/objx v0.4.0/go.mod h1:YvHI0jy2hoMjB+UWwv71VJQ9isScKT/TqJzVSSt89Yw=
github.com/stretchr/testify v1.7.1/go.mod h1:6Fq8oRcR53rry900zMqJjRRixrwX3KX962/h/Wwjteg=
github.com/stretchr/testify v1.7.4/go.mod h1:yNjHg4UonilssWZ8iaSj1OCr/vHnekPRkoO+kdMU+MU=
github.com/stretchr/testify v1.8.0 h1:pSgiaMZlXftHpm5L7V1+rVB+AZJydKsMxsQBIJw4PKk=
github.com/stretchr/testify v1.8.0/go.mod h1:yNjHg4UonilssWZ8iaSj1OCr/vHnekPRkoO+kdMU+MU=
github.com/urfave/cli/v2 v2.25.7 h1:VAzn5oq403l5pHjc4OhD54+XGO9cdKVL/7lDjF+iKUs=
github.com/urfave/cli/v2 v2.25.7/go.mod h1:8qnjx1vcq5s2/wpsqoZFndg2CE5tNFyrTvS6SinrnYQ=
github.com/xrash/smetrics v0.0.0-20201216005158-039620a65673 h1:bAn7/zixMGCfxrRTfdpNzjtPYqr8smhKouy9mxVdGPU=
github.com/xrash/smetrics v0.0.0-20201216005158-039620a65673/go.mod h1:N3UwUGtsrSj3ccvlPHLoLsHnpR27oXr4ZE984MbSER8=
golang.org/x/sys v0.1.0/go.mod h1:oPkhp1MJrh7nUepCBck5+mAzfO9JrbApNNgaTdGDITg=
golang.org/x/sys v0.11.0 h1:eG7RXZHdqOJ1i+0lgLgCpSXAp6M3LYlAo6osgSi0xOM=
golang.org/x/sys v0.11.0/go.mod h1:oPkhp1MJrh7nUepCBck5+mAzfO9JrbApNNgaTdGDITg=
gopkg.in/check.v1 v0.0.0-20161208181325-20d25e280405/go.mod h1:Co6ibVJAznAaIkqp8huTwlJQCZ016jof/cbN4VW5Yz0=
gopkg.in/yaml.v2 v2.2.8/go.mod h1:hI93XBmqTisBFMUTm0b8Fm+jr3Dg1NNxqwp+5A1VGuI=
gopkg.in/yaml.v3 v3.0.0-20200313102051-9f266ea9e77c/go.mod h1:K4uyk7z7BCEPqu6E+C64Yfv1cQ7kz7rIZviUmN+EgEM=
gopkg.in/yaml.v3 v3.0.1 h1:fxVm/GzAzEWqLHuvctI91KS9hhNmmWOoWu0XTYJS7CA=
gopkg.in/yaml.v3 v3.0.1/go.mod h1:K4uyk7z7BCEPqu6E+C64Yfv1cQ7kz7rIZviUmN+EgEM=
